
Microsoft Visual Studio Solution File, Format Version 12.00
# Visual Studio Version 17
VisualStudioVersion = 17.7.34221.43
MinimumVisualStudioVersion = 10.0.40219.1
Project("{FAE04EC0-301F-11D3-BF4B-00C04F79EFBC}") = "Projekt", "Projekt\Projekt.csproj", "{1FBA09BF-9D98-4D35-8112-0B494A7F31AD}"
EndProject
Global
	GlobalSection(SolutionConfigurationPlatforms) = preSolution
		Debug|Any CPU = Debug|Any CPU
		Release|Any CPU = Release|Any CPU
	EndGlobalSection
	GlobalSection(ProjectConfigurationPlatforms) = postSolution
		{1FBA09BF-9D98-4D35-8112-0B494A7F31AD}.Debug|Any CPU.ActiveCfg = Debug|Any CPU
		{1FBA09BF-9D98-4D35-8112-0B494A7F31AD}.Debug|Any CPU.Build.0 = Debug|Any CPU
		{1FBA09BF-9D98-4D35-8112-0B494A7F31AD}.Release|Any CPU.ActiveCfg = Release|Any CPU
		{1FBA09BF-9D98-4D35-8112-0B494A7F31AD}.Release|Any CPU.Build.0 = Release|Any CPU
	EndGlobalSection
	GlobalSection(SolutionProperties) = preSolution
		HideSolutionNode = FALSE
	EndGlobalSection
	GlobalSection(ExtensibilityGlobals) = postSolution
		SolutionGuid = {98A0DACF-F8CE-41C4-B23E-1EF7E3A4E479}
	EndGlobalSection
EndGlobal
